
Microsoft Visual Studio Solution File, Format Version 12.00
# Visual Studio 2013
VisualStudioVersion = 12.0.40629.0
MinimumVisualStudioVersion = 10.0.40219.1
Project("{FAE04EC0-301F-11D3-BF4B-00C04F79EFBC}") = "ZhongXinPay", "ZhongXinPay\ZhongXinPay.csproj", "{94A716E2-5FA1-41BD-BFB4-76F923F909E7}"
EndProject
Project("{FAE04EC0-301F-11D3-BF4B-00C04F79EFBC}") = "Rock.Base", "Rock.Base\Rock.Base.csproj", "{79FC0045-B92E-4A56-9FEC-E5F970BDAD65}"
EndProject
Project("{FAE04EC0-301F-11D3-BF4B-00C04F79EFBC}") = "Rock.Framework", "Rock.Framework\Rock.Framework.csproj", "{4AA9A160-D67D-4632-96C2-88F908705A1C}"
EndProject
Global
	GlobalSection(SolutionConfigurationPlatforms) = preSolution
		Debug|Any CPU = Debug|Any CPU
		Release|Any CPU = Release|Any CPU
	EndGlobalSection
	GlobalSection(ProjectConfigurationPlatforms) = postSolution
		{94A716E2-5FA1-41BD-BFB4-76F923F909E7}.Debug|Any CPU.ActiveCfg = Debug|Any CPU
		{94A716E2-5FA1-41BD-BFB4-76F923F909E7}.Debug|Any CPU.Build.0 = Debug|Any CPU
		{94A716E2-5FA1-41BD-BFB4-76F923F909E7}.Release|Any CPU.ActiveCfg = Release|Any CPU
		{94A716E2-5FA1-41BD-BFB4-76F923F909E7}.Release|Any CPU.Build.0 = Release|Any CPU
		{79FC0045-B92E-4A56-9FEC-E5F970BDAD65}.Debug|Any CPU.ActiveCfg = Debug|Any CPU
		{79FC0045-B92E-4A56-9FEC-E5F970BDAD65}.Debug|Any CPU.Build.0 = Debug|Any CPU
		{79FC0045-B92E-4A56-9FEC-E5F970BDAD65}.Release|Any CPU.ActiveCfg = Release|Any CPU
		{79FC0045-B92E-4A56-9FEC-E5F970BDAD65}.Release|Any CPU.Build.0 = Release|Any CPU
		{4AA9A160-D67D-4632-96C2-88F908705A1C}.Debug|Any CPU.ActiveCfg = Debug|Any CPU
		{4AA9A160-D67D-4632-96C2-88F908705A1C}.Debug|Any CPU.Build.0 = Debug|Any CPU
		{4AA9A160-D67D-4632-96C2-88F908705A1C}.Release|Any CPU.ActiveCfg = Release|Any CPU
		{4AA9A160-D67D-4632-96C2-88F908705A1C}.Release|Any CPU.Build.0 = Release|Any CPU
	EndGlobalSection
	GlobalSection(SolutionProperties) = preSolution
		HideSolutionNode = FALSE
	EndGlobalSection
EndGlobal
